Microsoft Visual Studio Solution File, Format Version 12.00
# Visual Studio Version 17
VisualStudioVersion = 17.5.2.0
MinimumVisualStudioVersion = 10.0.40219.1
Project("{FAE04EC0-301F-11D3-BF4B-00C04F79EFBC}") = "ProposalApp.Infrastructure", "ProposalApp.Infrastructure\ProposalApp.Infrastructure.csproj", "{0E10273B-E5C4-B413-46CB-15E703ACF8B0}"
EndProject
Project("{FAE04EC0-301F-11D3-BF4B-00C04F79EFBC}") = "ProposalApp.Core", "ProposalApp.Core\ProposalApp.Core.csproj", "{5526A89A-8C92-08DC-5082-BE1BD285FB63}"
EndProject
Project("{FAE04EC0-301F-11D3-BF4B-00C04F79EFBC}") = "ProposalApp.API", "ProposalApp.API\ProposalApp.API.csproj", "{8E12872E-4934-1C69-2CB2-AE524786E797}"
EndProject
Global
	GlobalSection(SolutionConfigurationPlatforms) = preSolution
		Debug|Any CPU = Debug|Any CPU
		Release|Any CPU = Release|Any CPU
	EndGlobalSection
	GlobalSection(ProjectConfigurationPlatforms) = postSolution
		{0E10273B-E5C4-B413-46CB-15E703ACF8B0}.Debug|Any CPU.ActiveCfg = Debug|Any CPU
		{0E10273B-E5C4-B413-46CB-15E703ACF8B0}.Debug|Any CPU.Build.0 = Debug|Any CPU
		{0E10273B-E5C4-B413-46CB-15E703ACF8B0}.Release|Any CPU.ActiveCfg = Release|Any CPU
		{0E10273B-E5C4-B413-46CB-15E703ACF8B0}.Release|Any CPU.Build.0 = Release|Any CPU
		{5526A89A-8C92-08DC-5082-BE1BD285FB63}.Debug|Any CPU.ActiveCfg = Debug|Any CPU
		{5526A89A-8C92-08DC-5082-BE1BD285FB63}.Debug|Any CPU.Build.0 = Debug|Any CPU
		{5526A89A-8C92-08DC-5082-BE1BD285FB63}.Release|Any CPU.ActiveCfg = Release|Any CPU
		{5526A89A-8C92-08DC-5082-BE1BD285FB63}.Release|Any CPU.Build.0 = Release|Any CPU
		{8E12872E-4934-1C69-2CB2-AE524786E797}.Debug|Any CPU.ActiveCfg = Debug|Any CPU
		{8E12872E-4934-1C69-2CB2-AE524786E797}.Debug|Any CPU.Build.0 = Debug|Any CPU
		{8E12872E-4934-1C69-2CB2-AE524786E797}.Release|Any CPU.ActiveCfg = Release|Any CPU
		{8E12872E-4934-1C69-2CB2-AE524786E797}.Release|Any CPU.Build.0 = Release|Any CPU
	EndGlobalSection
	GlobalSection(SolutionProperties) = preSolution
		HideSolutionNode = FALSE
	EndGlobalSection
	GlobalSection(ExtensibilityGlobals) = postSolution
		SolutionGuid = {855C6841-0759-4881-B196-AED46472FFB4}
	EndGlobalSection
EndGlobal
